// !$*UTF8*$!
{
	archiveVersion = 1;
	classes = {
	};
	objectVersion = 46;
	objects = {

/* Begin PBXBuildFile section */
		85F6DF291DCBC94700AAE2DC /* AppDelegate.swift in Sources */ = {isa = PBXBuildFile; fileRef = 85F6DF281DCBC94700AAE2DC /* AppDelegate.swift */; };
		85F6DF2B1DCBC94700AAE2DC /* ViewController.swift in Sources */ = {isa = PBXBuildFile; fileRef = 85F6DF2A1DCBC94700AAE2DC /* ViewController.swift */; };
		85F6DF2E1DCBC94700AAE2DC /* Main.storyboard in Resources */ = {isa = PBXBuildFile; fileRef = 85F6DF2C1DCBC94700AAE2DC /* Main.storyboard */; };
		85F6DF301DCBC94700AAE2DC /* Assets.xcassets in Resources */ = {isa = PBXBuildFile; fileRef = 85F6DF2F1DCBC94700AAE2DC /* Assets.xcassets */; };
		85F6DF331DCBC94700AAE2DC /* LaunchScreen.storyboard in Resources */ = {isa = PBXBuildFile; fileRef = 85F6DF311DCBC94700AAE2DC /* LaunchScreen.storyboard */; };
		85F6DF3E1DCBC94800AAE2DC /* integracionwpTests.swift in Sources */ = {isa = PBXBuildFile; fileRef = 85F6DF3D1DCBC94800AAE2DC /* integracionwpTests.swift */; };
		85F6DF491DCBC94800AAE2DC /* integracionwpUITests.swift in Sources */ = {isa = PBXBuildFile; fileRef = 85F6DF481DCBC94800AAE2DC /* integracionwpUITests.swift */; };
/* End PBXBuildFile section */

/* Begin PBXContainerItemProxy section */
		85F6DF3A1DCBC94800AAE2DC /* PBXContainerItemProxy */ = {
			isa = PBXContainerItemProxy;
			containerPortal = 85F6DF1D1DCBC94700AAE2DC /* Project object */;
			proxyType = 1;
			remoteGlobalIDString = 85F6DF241DCBC94700AAE2DC;
			remoteInfo = integracionwp;
		};
		85F6DF451DCBC94800AAE2DC /* PBXContainerItemProxy */ = {
			isa = PBXContainerItemProxy;
			containerPortal = 85F6DF1D1DCBC94700AAE2DC /* Project object */;
			proxyType = 1;
			remoteGlobalIDString = 85F6DF241DCBC94700AAE2DC;
			remoteInfo = integracionwp;
		};
/* End PBXContainerItemProxy section */

/* Begin PBXFileReference section */
		85F6DF251DCBC94700AAE2DC /* integracionwp.app */ = {isa = PBXFileReference; explicitFileType = wrapper.application; includeInIndex = 0; path = integracionwp.app; sourceTree = BUILT_PRODUCTS_DIR; };
		85F6DF281DCBC94700AAE2DC /* AppDelegate.swift */ = {isa = PBXFileReference; lastKnownFileType = sourcecode.swift; path = AppDelegate.swift; sourceTree = "<group>"; };
		85F6DF2A1DCBC94700AAE2DC /* ViewController.swift */ = {isa = PBXFileReference; lastKnownFileType = sourcecode.swift; path = ViewController.swift; sourceTree = "<group>"; };
		85F6DF2D1DCBC94700AAE2DC /* Base */ = {isa = PBXFileReference; lastKnownFileType = file.storyboard; name = Base; path = Base.lproj/Main.storyboard; sourceTree = "<group>"; };
		85F6DF2F1DCBC94700AAE2DC /* Assets.xcassets */ = {isa = PBXFileReference; lastKnownFileType = folder.assetcatalog; path = Assets.xcassets; sourceTree = "<group>"; };
		85F6DF321DCBC94700AAE2DC /* Base */ = {isa = PBXFileReference; lastKnownFileType = file.storyboard; name = Base; path = Base.lproj/LaunchScreen.storyboard; sourceTree = "<group>"; };
		85F6DF341DCBC94700AAE2DC /* Info.plist */ = {isa = PBXFileReference; lastKnownFileType = text.plist.xml; path = Info.plist; sourceTree = "<group>"; };
		85F6DF391DCBC94800AAE2DC /* integracionwpTests.xctest */ = {isa = PBXFileReference; explicitFileType = wrapper.cfbundle; includeInIndex = 0; path = integracionwpTests.xctest; sourceTree = BUILT_PRODUCTS_DIR; };
		85F6DF3D1DCBC94800AAE2DC /* integracionwpTests.swift */ = {isa = PBXFileReference; lastKnownFileType = sourcecode.swift; path = integracionwpTests.swift; sourceTree = "<group>"; };
		85F6DF3F1DCBC94800AAE2DC /* Info.plist */ = {isa = PBXFileReference; lastKnownFileType = text.plist.xml; path = Info.plist; sourceTree = "<group>"; };
		85F6DF441DCBC94800AAE2DC /* integracionwpUITests.xctest */ = {isa = PBXFileReference; explicitFileType = wrapper.cfbundle; includeInIndex = 0; path = integracionwpUITests.xctest; sourceTree = BUILT_PRODUCTS_DIR; };
		85F6DF481DCBC94800AAE2DC /* integracionwpUITests.swift */ = {isa = PBXFileReference; lastKnownFileType = sourcecode.swift; path = integracionwpUITests.swift; sourceTree = "<group>"; };
		85F6DF4A1DCBC94800AAE2DC /* Info.plist */ = {isa = PBXFileReference; lastKnownFileType = text.plist.xml; path = Info.plist; sourceTree = "<group>"; };
/* End PBXFileReference section */

/* Begin PBXFrameworksBuildPhase section */
		85F6DF221DCBC94700AAE2DC /* Frameworks */ = {
			isa = PBXFrameworksBuildPhase;
			buildActionMask = 2147483647;
			files = (
			);
			runOnlyForDeploymentPostprocessing = 0;
		};
		85F6DF361DCBC94800AAE2DC /* Frameworks */ = {
			isa = PBXFrameworksBuildPhase;
			buildActionMask = 2147483647;
			files = (
			);
			runOnlyForDeploymentPostprocessing = 0;
		};
		85F6DF411DCBC94800AAE2DC /* Frameworks */ = {
			isa = PBXFrameworksBuildPhase;
			buildActionMask = 2147483647;
			files = (
			);
			runOnlyForDeploymentPostprocessing = 0;
		};
/* End PBXFrameworksBuildPhase section */

/* Begin PBXGroup section */
		85F6DF1C1DCBC94700AAE2DC = {
			isa = PBXGroup;
			children = (
				85F6DF271DCBC94700AAE2DC /* integracionwp */,
				85F6DF3C1DCBC94800AAE2DC /* integracionwpTests */,
				85F6DF471DCBC94800AAE2DC /* integracionwpUITests */,
				85F6DF261DCBC94700AAE2DC /* Products */,
			);
			sourceTree = "<group>";
		};
		85F6DF261DCBC94700AAE2DC /* Products */ = {
			isa = PBXGroup;
			children = (
				85F6DF251DCBC94700AAE2DC /* integracionwp.app */,
				85F6DF391DCBC94800AAE2DC /* integracionwpTests.xctest */,
				85F6DF441DCBC94800AAE2DC /* integracionwpUITests.xctest */,
			);
			name = Products;
			sourceTree = "<group>";
		};
		85F6DF271DCBC94700AAE2DC /* integracionwp */ = {
			isa = PBXGroup;
			children = (
				85F6DF281DCBC94700AAE2DC /* AppDelegate.swift */,
				85F6DF2A1DCBC94700AAE2DC /* ViewController.swift */,
				85F6DF2C1DCBC94700AAE2DC /* Main.storyboard */,
				85F6DF2F1DCBC94700AAE2DC /* Assets.xcassets */,
				85F6DF311DCBC94700AAE2DC /* LaunchScreen.storyboard */,
				85F6DF341DCBC94700AAE2DC /* Info.plist */,
			);
			path = integracionwp;
			sourceTree = "<group>";
		};
		85F6DF3C1DCBC94800AAE2DC /* integracionwpTests */ = {
			isa = PBXGroup;
			children = (
				85F6DF3D1DCBC94800AAE2DC /* integracionwpTests.swift */,
				85F6DF3F1DCBC94800AAE2DC /* Info.plist */,
			);
			path = integracionwpTests;
			sourceTree = "<group>";
		};
		85F6DF471DCBC94800AAE2DC /* integracionwpUITests */ = {
			isa = PBXGroup;
			children = (
				85F6DF481DCBC94800AAE2DC /* integracionwpUITests.swift */,
				85F6DF4A1DCBC94800AAE2DC /* Info.plist */,
			);
			path = integracionwpUITests;
			sourceTree = "<group>";
		};
/* End PBXGroup section */

/* Begin PBXNativeTarget section */
		85F6DF241DCBC94700AAE2DC /* integracionwp */ = {
			isa = PBXNativeTarget;
			buildConfigurationList = 85F6DF4D1DCBC94800AAE2DC /* Build configuration list for PBXNativeTarget "integracionwp" */;
			buildPhases = (
				85F6DF211DCBC94700AAE2DC /* Sources */,
				85F6DF221DCBC94700AAE2DC /* Frameworks */,
				85F6DF231DCBC94700AAE2DC /* Resources */,
			);
			buildRules = (
			);
			dependencies = (
			);
			name = integracionwp;
			productName = integracionwp;
			productReference = 85F6DF251DCBC94700AAE2DC /* integracionwp.app */;
			productType = "com.apple.product-type.application";
		};
		85F6DF381DCBC94800AAE2DC /* integracionwpTests */ = {
			isa = PBXNativeTarget;
			buildConfigurationList = 85F6DF501DCBC94800AAE2DC /* Build configuration list for PBXNativeTarget "integracionwpTests" */;
			buildPhases = (
				85F6DF351DCBC94800AAE2DC /* Sources */,
				85F6DF361DCBC94800AAE2DC /* Frameworks */,
				85F6DF371DCBC94800AAE2DC /* Resources */,
			);
			buildRules = (
			);
			dependencies = (
				85F6DF3B1DCBC94800AAE2DC /* PBXTargetDependency */,
			);
			name = integracionwpTests;
			productName = integracionwpTests;
			productReference = 85F6DF391DCBC94800AAE2DC /* integracionwpTests.xctest */;
			productType = "com.apple.product-type.bundle.unit-test";
		};
		85F6DF431DCBC94800AAE2DC /* integracionwpUITests */ = {
			isa = PBXNativeTarget;
			buildConfigurationList = 85F6DF531DCBC94800AAE2DC /* Build configuration list for PBXNativeTarget "integracionwpUITests" */;
			buildPhases = (
				85F6DF401DCBC94800AAE2DC /* Sources */,
				85F6DF411DCBC94800AAE2DC /* Frameworks */,
				85F6DF421DCBC94800AAE2DC /* Resources */,
			);
			buildRules = (
			);
			dependencies = (
				85F6DF461DCBC94800AAE2DC /* PBXTargetDependency */,
			);
			name = integracionwpUITests;
			productName = integracionwpUITests;
			productReference = 85F6DF441DCBC94800AAE2DC /* integracionwpUITests.xctest */;
			productType = "com.apple.product-type.bundle.ui-testing";
		};
/* End PBXNativeTarget section */

/* Begin PBXProject section */
		85F6DF1D1DCBC94700AAE2DC /* Project object */ = {
			isa = PBXProject;
			attributes = {
				LastSwiftUpdateCheck = 0730;
				LastUpgradeCheck = 0730;
				ORGANIZATIONNAME = miranda;
				TargetAttributes = {
					85F6DF241DCBC94700AAE2DC = {
						CreatedOnToolsVersion = 7.3.1;
					};
					85F6DF381DCBC94800AAE2DC = {
						CreatedOnToolsVersion = 7.3.1;
						TestTargetID = 85F6DF241DCBC94700AAE2DC;
					};
					85F6DF431DCBC94800AAE2DC = {
						CreatedOnToolsVersion = 7.3.1;
						TestTargetID = 85F6DF241DCBC94700AAE2DC;
					};
				};
			};
			buildConfigurationList = 85F6DF201DCBC94700AAE2DC /* Build configuration list for PBXProject "integracionwp" */;
			compatibilityVersion = "Xcode 3.2";
			developmentRegion = English;
			hasScannedForEncodings = 0;
			knownRegions = (
				en,
				Base,
			);
			mainGroup = 85F6DF1C1DCBC94700AAE2DC;
			productRefGroup = 85F6DF261DCBC94700AAE2DC /* Products */;
			projectDirPath = "";
			projectRoot = "";
			targets = (
				85F6DF241DCBC94700AAE2DC /* integracionwp */,
				85F6DF381DCBC94800AAE2DC /* integracionwpTests */,
				85F6DF431DCBC94800AAE2DC /* integracionwpUITests */,
			);
		};
/* End PBXProject section */

/* Begin PBXResourcesBuildPhase section */
		85F6DF231DCBC94700AAE2DC /* Resources */ = {
			isa = PBXResourcesBuildPhase;
			buildActionMask = 2147483647;
			files = (
				85F6DF331DCBC94700AAE2DC /* LaunchScreen.storyboard in Resources */,
				85F6DF301DCBC94700AAE2DC /* Assets.xcassets in Resources */,
				85F6DF2E1DCBC94700AAE2DC /* Main.storyboard in Resources */,
			);
			runOnlyForDeploymentPostprocessing = 0;
		};
		85F6DF371DCBC94800AAE2DC /* Resources */ = {
			isa = PBXResourcesBuildPhase;
			buildActionMask = 2147483647;
			files = (
			);
			runOnlyForDeploymentPostprocessing = 0;
		};
		85F6DF421DCBC94800AAE2DC /* Resources */ = {
			isa = PBXResourcesBuildPhase;
			buildActionMask = 2147483647;
			files = (
			);
			runOnlyForDeploymentPostprocessing = 0;
		};
/* End PBXResourcesBuildPhase section */

/* Begin PBXSourcesBuildPhase section */
		85F6DF211DCBC94700AAE2DC /* Sources */ = {
			isa = PBXSourcesBuildPhase;
			buildActionMask = 2147483647;
			files = (
				85F6DF2B1DCBC94700AAE2DC /* ViewController.swift in Sources */,
				85F6DF291DCBC94700AAE2DC /* AppDelegate.swift in Sources */,
			);
			runOnlyForDeploymentPostprocessing = 0;
		};
		85F6DF351DCBC94800AAE2DC /* Sources */ = {
			isa = PBXSourcesBuildPhase;
			buildActionMask = 2147483647;
			files = (
				85F6DF3E1DCBC94800AAE2DC /* integracionwpTests.swift in Sources */,
			);
			runOnlyForDeploymentPostprocessing = 0;
		};
		85F6DF401DCBC94800AAE2DC /* Sources */ = {
			isa = PBXSourcesBuildPhase;
			buildActionMask = 2147483647;
			files = (
				85F6DF491DCBC94800AAE2DC /* integracionwpUITests.swift in Sources */,
			);
			runOnlyForDeploymentPostprocessing = 0;
		};
/* End PBXSourcesBuildPhase section */

/* Begin PBXTargetDependency section */
		85F6DF3B1DCBC94800AAE2DC /* PBXTargetDependency */ = {
			isa = PBXTargetDependency;
			target = 85F6DF241DCBC94700AAE2DC /* integracionwp */;
			targetProxy = 85F6DF3A1DCBC94800AAE2DC /* PBXContainerItemProxy */;
		};
		85F6DF461DCBC94800AAE2DC /* PBXTargetDependency */ = {
			isa = PBXTargetDependency;
			target = 85F6DF241DCBC94700AAE2DC /* integracionwp */;
			targetProxy = 85F6DF451DCBC94800AAE2DC /* PBXContainerItemProxy */;
		};
/* End PBXTargetDependency section */

/* Begin PBXVariantGroup section */
		85F6DF2C1DCBC94700AAE2DC /* Main.storyboard */ = {
			isa = PBXVariantGroup;
			children = (
				85F6DF2D1DCBC94700AAE2DC /* Base */,
			);
			name = Main.storyboard;
			sourceTree = "<group>";
		};
		85F6DF311DCBC94700AAE2DC /* LaunchScreen.storyboard */ = {
			isa = PBXVariantGroup;
			children = (
				85F6DF321DCBC94700AAE2DC /* Base */,
			);
			name = LaunchScreen.storyboard;
			sourceTree = "<group>";
		};
/* End PBXVariantGroup section */

/* Begin XCBuildConfiguration section */
		85F6DF4B1DCBC94800AAE2DC /* Debug */ = {
			isa = XCBuildConfiguration;
			buildSettings = {
				ALWAYS_SEARCH_USER_PATHS = NO;
				CLANG_ANALYZER_NONNULL = YES;
				CLANG_CXX_LANGUAGE_STANDARD = "gnu++0x";
				CLANG_CXX_LIBRARY = "libc++";
				CLANG_ENABLE_MODULES = YES;
				CLANG_ENABLE_OBJC_ARC = YES;
				CLANG_WARN_BOOL_CONVERSION = YES;
				CLANG_WARN_CONSTANT_CONVERSION = YES;
				CLANG_WARN_DIRECT_OBJC_ISA_USAGE = YES_ERROR;
				CLANG_WARN_EMPTY_BODY = YES;
				CLANG_WARN_ENUM_CONVERSION = YES;
				CLANG_WARN_INT_CONVERSION = YES;
				CLANG_WARN_OBJC_ROOT_CLASS = YES_ERROR;
				CLANG_WARN_UNREACHABLE_CODE = YES;
				CLANG_WARN__DUPLICATE_METHOD_MATCH = YES;
				"CODE_SIGN_IDENTITY[sdk=iphoneos*]" = "iPhone Developer";
				COPY_PHASE_STRIP = NO;
				DEBUG_INFORMATION_FORMAT = dwarf;
				ENABLE_STRICT_OBJC_MSGSEND = YES;
				ENABLE_TESTABILITY = YES;
				GCC_C_LANGUAGE_STANDARD = gnu99;
				GCC_DYNAMIC_NO_PIC = NO;
				GCC_NO_COMMON_BLOCKS = YES;
				GCC_OPTIMIZATION_LEVEL = 0;
				GCC_PREPROCESSOR_DEFINITIONS = (
					"DEBUG=1",
					"$(inherited)",
				);
				GCC_WARN_64_TO_32_BIT_CONVERSION = YES;
				GCC_WARN_ABOUT_RETURN_TYPE = YES_ERROR;
				GCC_WARN_UNDECLARED_SELECTOR = YES;
				GCC_WARN_UNINITIALIZED_AUTOS = YES_AGGRESSIVE;
				GCC_WARN_UNUSED_FUNCTION = YES;
				GCC_WARN_UNUSED_VARIABLE = YES;
				IPHONEOS_DEPLOYMENT_TARGET = 9.3;
				MTL_ENABLE_DEBUG_INFO = YES;
				ONLY_ACTIVE_ARCH = YES;
				SDKROOT = iphoneos;
				SWIFT_OPTIMIZATION_LEVEL = "-Onone";
				TARGETED_DEVICE_FAMILY = "1,2";
			};
			name = Debug;
		};
		85F6DF4C1DCBC94800AAE2DC /* Release */ = {
			isa = XCBuildConfiguration;
			buildSettings = {
				ALWAYS_SEARCH_USER_PATHS = NO;
				CLANG_ANALYZER_NONNULL = YES;
				CLANG_CXX_LANGUAGE_STANDARD = "gnu++0x";
				CLANG_CXX_LIBRARY = "libc++";
				CLANG_ENABLE_MODULES = YES;
				CLANG_ENABLE_OBJC_ARC = YES;
				CLANG_WARN_BOOL_CONVERSION = YES;
				CLANG_WARN_CONSTANT_CONVERSION = YES;
				CLANG_WARN_DIRECT_OBJC_ISA_USAGE = YES_ERROR;
				CLANG_WARN_EMPTY_BODY = YES;
				CLANG_WARN_ENUM_CONVERSION = YES;
				CLANG_WARN_INT_CONVERSION = YES;
				CLANG_WARN_OBJC_ROOT_CLASS = YES_ERROR;
				CLANG_WARN_UNREACHABLE_CODE = YES;
				CLANG_WARN__DUPLICATE_METHOD_MATCH = YES;
				"CODE_SIGN_IDENTITY[sdk=iphoneos*]" = "iPhone Developer";
				COPY_PHASE_STRIP = NO;
				DEBUG_INFORMATION_FORMAT = "dwarf-with-dsym";
				ENABLE_NS_ASSERTIONS = NO;
				ENABLE_STRICT_OBJC_MSGSEND = YES;
				GCC_C_LANGUAGE_STANDARD = gnu99;
				GCC_NO_COMMON_BLOCKS = YES;
				GCC_WARN_64_TO_32_BIT_CONVERSION = YES;
				GCC_WARN_ABOUT_RETURN_TYPE = YES_ERROR;
				GCC_WARN_UNDECLARED_SELECTOR = YES;
				GCC_WARN_UNINITIALIZED_AUTOS = YES_AGGRESSIVE;
				GCC_WARN_UNUSED_FUNCTION = YES;
				GCC_WARN_UNUSED_VARIABLE = YES;
				IPHONEOS_DEPLOYMENT_TARGET = 9.3;
				MTL_ENABLE_DEBUG_INFO = NO;
				SDKROOT = iphoneos;
				TARGETED_DEVICE_FAMILY = "1,2";
				VALIDATE_PRODUCT = YES;
			};
			name = Release;
		};
		85F6DF4E1DCBC94800AAE2DC /* Debug */ = {
			isa = XCBuildConfiguration;
			buildSettings = {
				ASSETCATALOG_COMPILER_APPICON_NAME = AppIcon;
				INFOPLIST_FILE = integracionwp/Info.plist;
				LD_RUNPATH_SEARCH_PATHS = "$(inherited) @executable_path/Frameworks";
				PRODUCT_BUNDLE_IDENTIFIER = com.miry.integracionwp;
				PRODUCT_NAME = "$(TARGET_NAME)";
			};
			name = Debug;
		};
		85F6DF4F1DCBC94800AAE2DC /* Release */ = {
			isa = XCBuildConfiguration;
			buildSettings = {
				ASSETCATALOG_COMPILER_APPICON_NAME = AppIcon;
				INFOPLIST_FILE = integracionwp/Info.plist;
				LD_RUNPATH_SEARCH_PATHS = "$(inherited) @executable_path/Frameworks";
				PRODUCT_BUNDLE_IDENTIFIER = com.miry.integracionwp;
				PRODUCT_NAME = "$(TARGET_NAME)";
			};
			name = Release;
		};
		85F6DF511DCBC94800AAE2DC /* Debug */ = {
			isa = XCBuildConfiguration;
			buildSettings = {
				BUNDLE_LOADER = "$(TEST_HOST)";
				INFOPLIST_FILE = integracionwpTests/Info.plist;
				LD_RUNPATH_SEARCH_PATHS = "$(inherited) @executable_path/Frameworks @loader_path/Frameworks";
				PRODUCT_BUNDLE_IDENTIFIER = com.miry.integracionwpTests;
				PRODUCT_NAME = "$(TARGET_NAME)";
				TEST_HOST = "$(BUILT_PRODUCTS_DIR)/integracionwp.app/integracionwp";
			};
			name = Debug;
		};
		85F6DF521DCBC94800AAE2DC /* Release */ = {
			isa = XCBuildConfiguration;
			buildSettings = {
				BUNDLE_LOADER = "$(TEST_HOST)";
				INFOPLIST_FILE = integracionwpTests/Info.plist;
				LD_RUNPATH_SEARCH_PATHS = "$(inherited) @executable_path/Frameworks @loader_path/Frameworks";
				PRODUCT_BUNDLE_IDENTIFIER = com.miry.integracionwpTests;
				PRODUCT_NAME = "$(TARGET_NAME)";
				TEST_HOST = "$(BUILT_PRODUCTS_DIR)/integracionwp.app/integracionwp";
			};
			name = Release;
		};
		85F6DF541DCBC94800AAE2DC /* Debug */ = {
			isa = XCBuildConfiguration;
			buildSettings = {
				INFOPLIST_FILE = integracionwpUITests/Info.plist;
				LD_RUNPATH_SEARCH_PATHS = "$(inherited) @executable_path/Frameworks @loader_path/Frameworks";
				PRODUCT_BUNDLE_IDENTIFIER = com.miry.integracionwpUITests;
				PRODUCT_NAME = "$(TARGET_NAME)";
				TEST_TARGET_NAME = integracionwp;
			};
			name = Debug;
		};
		85F6DF551DCBC94800AAE2DC /* Release */ = {
			isa = XCBuildConfiguration;
			buildSettings = {
				INFOPLIST_FILE = integracionwpUITests/Info.plist;
				LD_RUNPATH_SEARCH_PATHS = "$(inherited) @executable_path/Frameworks @loader_path/Frameworks";
				PRODUCT_BUNDLE_IDENTIFIER = com.miry.integracionwpUITests;
				PRODUCT_NAME = "$(TARGET_NAME)";
				TEST_TARGET_NAME = integracionwp;
			};
			name = Release;
		};
/* End XCBuildConfiguration section */

/* Begin XCConfigurationList section */
		85F6DF201DCBC94700AAE2DC /* Build configuration list for PBXProject "integracionwp" */ = {
			isa = XCConfigurationList;
			buildConfigurations = (
				85F6DF4B1DCBC94800AAE2DC /* Debug */,
				85F6DF4C1DCBC94800AAE2DC /* Release */,
			);
			defaultConfigurationIsVisible = 0;
			defaultConfigurationName = Release;
		};
		85F6DF4D1DCBC94800AAE2DC /* Build configuration list for PBXNativeTarget "integracionwp" */ = {
			isa = XCConfigurationList;
			buildConfigurations = (
				85F6DF4E1DCBC94800AAE2DC /* Debug */,
				85F6DF4F1DCBC94800AAE2DC /* Release */,
			);
			defaultConfigurationIsVisible = 0;
		};
		85F6DF501DCBC94800AAE2DC /* Build configuration list for PBXNativeTarget "integracionwpTests" */ = {
			isa = XCConfigurationList;
			buildConfigurations = (
				85F6DF511DCBC94800AAE2DC /* Debug */,
				85F6DF521DCBC94800AAE2DC /* Release */,
			);
			defaultConfigurationIsVisible = 0;
		};
		85F6DF531DCBC94800AAE2DC /* Build configuration list for PBXNativeTarget "integracionwpUITests" */ = {
			isa = XCConfigurationList;
			buildConfigurations = (
				85F6DF541DCBC94800AAE2DC /* Debug */,
				85F6DF551DCBC94800AAE2DC /* Release */,
			);
			defaultConfigurationIsVisible = 0;
		};
/* End XCConfigurationList section */
	};
	rootObject = 85F6DF1D1DCBC94700AAE2DC /* Project object */;
}
